# Code generated by scarb DO NOT EDIT.
version = 1

[[package]]
name = "alexandria_merkle_tree"
version = "0.1.0"
source = "git+https://github.com/keep-starknet-strange/alexandria.git?tag=cairo-v2.6.0#946e6e2f9d390ad9f345882a352c0dd6f02ef3ad"

[[package]]
name = "grid_game"
version = "0.1.0"
dependencies = [
 "alexandria_merkle_tree",
 "openzeppelin",
 "wadray",
]

[[package]]
name = "openzeppelin"
version = "0.14.0"
source = "git+https://github.com/OpenZeppelin/cairo-contracts.git?tag=v0.14.0#f091c4f51ddeb10297db984acae965328c5a4e5b"

[[package]]
name = "wadray"
version = "0.3.0"
source = "git+https://github.com/lindy-labs/wadray.git#9b1f0e21abac6811b09d8a9e861b5d53e6a52d9c"
